
Microsoft Visual Studio Solution File, Format Version 12.00
# Visual Studio Version 17
VisualStudioVersion = 17.7.34024.191
MinimumVisualStudioVersion = 10.0.40219.1
Project("{FAE04EC0-301F-11D3-BF4B-00C04F79EFBC}") = "27.Profession", "27.Profession.csproj", "{D34AB91F-6730-412A-844A-4F2E4BEC232D}"
EndProject
Global
	GlobalSection(SolutionConfigurationPlatforms) = preSolution
		Debug|Any CPU = Debug|Any CPU
		Release|Any CPU = Release|Any CPU
	EndGlobalSection
	GlobalSection(ProjectConfigurationPlatforms) = postSolution
		{D34AB91F-6730-412A-844A-4F2E4BEC232D}.Debug|Any CPU.ActiveCfg = Debug|Any CPU
		{D34AB91F-6730-412A-844A-4F2E4BEC232D}.Debug|Any CPU.Build.0 = Debug|Any CPU
		{D34AB91F-6730-412A-844A-4F2E4BEC232D}.Release|Any CPU.ActiveCfg = Release|Any CPU
		{D34AB91F-6730-412A-844A-4F2E4BEC232D}.Release|Any CPU.Build.0 = Release|Any CPU
	EndGlobalSection
	GlobalSection(SolutionProperties) = preSolution
		HideSolutionNode = FALSE
	EndGlobalSection
	GlobalSection(ExtensibilityGlobals) = postSolution
		SolutionGuid = {6DE10E48-FD04-4372-B8E3-52C52EE50C8B}
	EndGlobalSection
EndGlobal
